// !$*UTF8*$!
{
	archiveVersion = 1;
	classes = {
	};
	objectVersion = 51;
	objects = {

/* Begin PBXBuildFile section */
		60DA6B1E83A1FA8DA04D9200 /* Pods_Event_Times_Event_TimesUITests.framework in Frameworks */ = {isa = PBXBuildFile; fileRef = DB36BEA98F20A582F8BA9EDB /* Pods_Event_Times_Event_TimesUITests.framework */; };
		8C4B756B07386432A405B139 /* Pods_Event_Times.framework in Frameworks */ = {isa = PBXBuildFile; fileRef = 0C279DD2ABA12915C2FD22BD /* Pods_Event_Times.framework */; };
		A9253C1F682A651085698FAD /* Pods_Event_TimesTests.framework in Frameworks */ = {isa = PBXBuildFile; fileRef = EE593D864B9F7D4DEB08E791 /* Pods_Event_TimesTests.framework */; };
		B81752D424BE71D700952196 /* Placemark.m in Sources */ = {isa = PBXBuildFile; fileRef = B81752D324BE71D700952196 /* Placemark.m */; };
		B81752D724BE721300952196 /* Activity.m in Sources */ = {isa = PBXBuildFile; fileRef = B81752D624BE721300952196 /* Activity.m */; };
		B81752DA24BE724E00952196 /* Event.m in Sources */ = {isa = PBXBuildFile; fileRef = B81752D924BE724E00952196 /* Event.m */; };
		B81752DE24BF535800952196 /* LoginViewController.m in Sources */ = {isa = PBXBuildFile; fileRef = B81752DD24BF535800952196 /* LoginViewController.m */; };
		B81752E124BF538600952196 /* SignUpViewController.m in Sources */ = {isa = PBXBuildFile; fileRef = B81752E024BF538600952196 /* SignUpViewController.m */; };
		B81752E424BF547700952196 /* EventsViewController.m in Sources */ = {isa = PBXBuildFile; fileRef = B81752E324BF547700952196 /* EventsViewController.m */; };
		B81752F324BF55AD00952196 /* CalendarViewController.m in Sources */ = {isa = PBXBuildFile; fileRef = B81752F224BF55AD00952196 /* CalendarViewController.m */; };
		B81752F624BF55C800952196 /* ProfileViewController.m in Sources */ = {isa = PBXBuildFile; fileRef = B81752F524BF55C800952196 /* ProfileViewController.m */; };
		B81752FF24C1110900952196 /* EventCreationViewController.m in Sources */ = {isa = PBXBuildFile; fileRef = B81752FE24C1110900952196 /* EventCreationViewController.m */; };
		B817530224C1FD6C00952196 /* LocationSearchViewController.m in Sources */ = {isa = PBXBuildFile; fileRef = B817530124C1FD6C00952196 /* LocationSearchViewController.m */; };
		B837BB5B24BCFD37001D0DF5 /* AppDelegate.m in Sources */ = {isa = PBXBuildFile; fileRef = B837BB5A24BCFD37001D0DF5 /* AppDelegate.m */; };
		B837BB5E24BCFD37001D0DF5 /* SceneDelegate.m in Sources */ = {isa = PBXBuildFile; fileRef = B837BB5D24BCFD37001D0DF5 /* SceneDelegate.m */; };
		B837BB6424BCFD37001D0DF5 /* Main.storyboard in Resources */ = {isa = PBXBuildFile; fileRef = B837BB6224BCFD37001D0DF5 /* Main.storyboard */; };
		B837BB6624BCFD37001D0DF5 /* Assets.xcassets in Resources */ = {isa = PBXBuildFile; fileRef = B837BB6524BCFD37001D0DF5 /* Assets.xcassets */; };
		B837BB6924BCFD38001D0DF5 /* LaunchScreen.storyboard in Resources */ = {isa = PBXBuildFile; fileRef = B837BB6724BCFD38001D0DF5 /* LaunchScreen.storyboard */; };
		B837BB6C24BCFD38001D0DF5 /* main.m in Sources */ = {isa = PBXBuildFile; fileRef = B837BB6B24BCFD38001D0DF5 /* main.m */; };
		B837BB7624BCFD38001D0DF5 /* Event_TimesTests.m in Sources */ = {isa = PBXBuildFile; fileRef = B837BB7524BCFD38001D0DF5 /* Event_TimesTests.m */; };
		B837BB8124BCFD38001D0DF5 /* Event_TimesUITests.m in Sources */ = {isa = PBXBuildFile; fileRef = B837BB8024BCFD38001D0DF5 /* Event_TimesUITests.m */; };
		B8894D4C24C6480D00D71A92 /* DatePickerCell.m in Sources */ = {isa = PBXBuildFile; fileRef = B8894D4B24C6480D00D71A92 /* DatePickerCell.m */; };
		B8894D4F24C6483800D71A92 /* DateCell.m in Sources */ = {isa = PBXBuildFile; fileRef = B8894D4E24C6483800D71A92 /* DateCell.m */; };
		B8894D5224C6484900D71A92 /* LocationCell.m in Sources */ = {isa = PBXBuildFile; fileRef = B8894D5124C6484900D71A92 /* LocationCell.m */; };
		B8894D5524C6487D00D71A92 /* TextInputCell.m in Sources */ = {isa = PBXBuildFile; fileRef = B8894D5424C6487D00D71A92 /* TextInputCell.m */; };
		B8894D5B24C7A44E00D71A92 /* DetailsCell.m in Sources */ = {isa = PBXBuildFile; fileRef = B8894D5A24C7A44E00D71A92 /* DetailsCell.m */; };
		B8894D6424C8E74A00D71A92 /* DetailData.m in Sources */ = {isa = PBXBuildFile; fileRef = B8894D6324C8E74A00D71A92 /* DetailData.m */; };
		B8BA284024CA2D48009C11DF /* ActivityCell.m in Sources */ = {isa = PBXBuildFile; fileRef = B8BA283F24CA2D48009C11DF /* ActivityCell.m */; };
		B8BA284324CB338E009C11DF /* ActivityCreationViewController.m in Sources */ = {isa = PBXBuildFile; fileRef = B8BA284224CB338E009C11DF /* ActivityCreationViewController.m */; };
		B8BA284624D0B54D009C11DF /* EventDetailsViewController.m in Sources */ = {isa = PBXBuildFile; fileRef = B8BA284524D0B54D009C11DF /* EventDetailsViewController.m */; };
		B8DC642124C9F11600DC7D62 /* TagsViewController.m in Sources */ = {isa = PBXBuildFile; fileRef = B8DC642024C9F11600DC7D62 /* TagsViewController.m */; };
/* End PBXBuildFile section */

/* Begin PBXContainerItemProxy section */
		B837BB7224BCFD38001D0DF5 /* PBXContainerItemProxy */ = {
			isa = PBXContainerItemProxy;
			containerPortal = B837BB4E24BCFD37001D0DF5 /* Project object */;
			proxyType = 1;
			remoteGlobalIDString = B837BB5524BCFD37001D0DF5;
			remoteInfo = "Event Times";
		};
		B837BB7D24BCFD38001D0DF5 /* PBXContainerItemProxy */ = {
			isa = PBXContainerItemProxy;
			containerPortal = B837BB4E24BCFD37001D0DF5 /* Project object */;
			proxyType = 1;
			remoteGlobalIDString = B837BB5524BCFD37001D0DF5;
			remoteInfo = "Event Times";
		};
/* End PBXContainerItemProxy section */

/* Begin PBXFileReference section */
		011547DB8013534682BE963E /* Pods-Event Times-Event TimesUITests.debug.xcconfig */ = {isa = PBXFileReference; includeInIndex = 1; lastKnownFileType = text.xcconfig; name = "Pods-Event Times-Event TimesUITests.debug.xcconfig"; path = "Target Support Files/Pods-Event Times-Event TimesUITests/Pods-Event Times-Event TimesUITests.debug.xcconfig"; sourceTree = "<group>"; };
		0C279DD2ABA12915C2FD22BD /* Pods_Event_Times.framework */ = {isa = PBXFileReference; explicitFileType = wrapper.framework; includeInIndex = 0; path = Pods_Event_Times.framework; sourceTree = BUILT_PRODUCTS_DIR; };
		390C29C39F99588851915A47 /* Pods-Event TimesTests.debug.xcconfig */ = {isa = PBXFileReference; includeInIndex = 1; lastKnownFileType = text.xcconfig; name = "Pods-Event TimesTests.debug.xcconfig"; path = "Target Support Files/Pods-Event TimesTests/Pods-Event TimesTests.debug.xcconfig"; sourceTree = "<group>"; };
		55B3F7394B2AA39CE26D83FB /* Pods-Event Times.debug.xcconfig */ = {isa = PBXFileReference; includeInIndex = 1; lastKnownFileType = text.xcconfig; name = "Pods-Event Times.debug.xcconfig"; path = "Target Support Files/Pods-Event Times/Pods-Event Times.debug.xcconfig"; sourceTree = "<group>"; };
		902168717EB0FAE06B4C9928 /* Pods-Event TimesTests.release.xcconfig */ = {isa = PBXFileReference; includeInIndex = 1; lastKnownFileType = text.xcconfig; name = "Pods-Event TimesTests.release.xcconfig"; path = "Target Support Files/Pods-Event TimesTests/Pods-Event TimesTests.release.xcconfig"; sourceTree = "<group>"; };
		B81752D224BE71D700952196 /* Placemark.h */ = {isa = PBXFileReference; lastKnownFileType = sourcecode.c.h; path = Placemark.h; sourceTree = "<group>"; };
		B81752D324BE71D700952196 /* Placemark.m */ = {isa = PBXFileReference; lastKnownFileType = sourcecode.c.objc; path = Placemark.m; sourceTree = "<group>"; };
		B81752D524BE721300952196 /* Activity.h */ = {isa = PBXFileReference; lastKnownFileType = sourcecode.c.h; path = Activity.h; sourceTree = "<group>"; };
		B81752D624BE721300952196 /* Activity.m */ = {isa = PBXFileReference; lastKnownFileType = sourcecode.c.objc; path = Activity.m; sourceTree = "<group>"; };
		B81752D824BE724E00952196 /* Event.h */ = {isa = PBXFileReference; lastKnownFileType = sourcecode.c.h; path = Event.h; sourceTree = "<group>"; };
		B81752D924BE724E00952196 /* Event.m */ = {isa = PBXFileReference; lastKnownFileType = sourcecode.c.objc; path = Event.m; sourceTree = "<group>"; };
		B81752DC24BF535800952196 /* LoginViewController.h */ = {isa = PBXFileReference; lastKnownFileType = sourcecode.c.h; path = LoginViewController.h; sourceTree = "<group>"; };
		B81752DD24BF535800952196 /* LoginViewController.m */ = {isa = PBXFileReference; lastKnownFileType = sourcecode.c.objc; path = LoginViewController.m; sourceTree = "<group>"; };
		B81752DF24BF538600952196 /* SignUpViewController.h */ = {isa = PBXFileReference; lastKnownFileType = sourcecode.c.h; path = SignUpViewController.h; sourceTree = "<group>"; };
		B81752E024BF538600952196 /* SignUpViewController.m */ = {isa = PBXFileReference; lastKnownFileType = sourcecode.c.objc; path = SignUpViewController.m; sourceTree = "<group>"; };
		B81752E224BF547700952196 /* EventsViewController.h */ = {isa = PBXFileReference; lastKnownFileType = sourcecode.c.h; path = EventsViewController.h; sourceTree = "<group>"; };
		B81752E324BF547700952196 /* EventsViewController.m */ = {isa = PBXFileReference; lastKnownFileType = sourcecode.c.objc; path = EventsViewController.m; sourceTree = "<group>"; };
		B81752F124BF55AD00952196 /* CalendarViewController.h */ = {isa = PBXFileReference; lastKnownFileType = sourcecode.c.h; path = CalendarViewController.h; sourceTree = "<group>"; };
		B81752F224BF55AD00952196 /* CalendarViewController.m */ = {isa = PBXFileReference; lastKnownFileType = sourcecode.c.objc; path = CalendarViewController.m; sourceTree = "<group>"; };
		B81752F424BF55C800952196 /* ProfileViewController.h */ = {isa = PBXFileReference; lastKnownFileType = sourcecode.c.h; path = ProfileViewController.h; sourceTree = "<group>"; };
		B81752F524BF55C800952196 /* ProfileViewController.m */ = {isa = PBXFileReference; lastKnownFileType = sourcecode.c.objc; path = ProfileViewController.m; sourceTree = "<group>"; };
		B81752FD24C1110900952196 /* EventCreationViewController.h */ = {isa = PBXFileReference; lastKnownFileType = sourcecode.c.h; path = EventCreationViewController.h; sourceTree = "<group>"; };
		B81752FE24C1110900952196 /* EventCreationViewController.m */ = {isa = PBXFileReference; lastKnownFileType = sourcecode.c.objc; path = EventCreationViewController.m; sourceTree = "<group>"; };
		B817530024C1FD6C00952196 /* LocationSearchViewController.h */ = {isa = PBXFileReference; lastKnownFileType = sourcecode.c.h; path = LocationSearchViewController.h; sourceTree = "<group>"; };
		B817530124C1FD6C00952196 /* LocationSearchViewController.m */ = {isa = PBXFileReference; lastKnownFileType = sourcecode.c.objc; path = LocationSearchViewController.m; sourceTree = "<group>"; };
		B837BB5624BCFD37001D0DF5 /* Event Times.app */ = {isa = PBXFileReference; explicitFileType = wrapper.application; includeInIndex = 0; path = "Event Times.app"; sourceTree = BUILT_PRODUCTS_DIR; };
		B837BB5924BCFD37001D0DF5 /* AppDelegate.h */ = {isa = PBXFileReference; lastKnownFileType = sourcecode.c.h; path = AppDelegate.h; sourceTree = "<group>"; };
		B837BB5A24BCFD37001D0DF5 /* AppDelegate.m */ = {isa = PBXFileReference; lastKnownFileType = sourcecode.c.objc; path = AppDelegate.m; sourceTree = "<group>"; };
		B837BB5C24BCFD37001D0DF5 /* SceneDelegate.h */ = {isa = PBXFileReference; lastKnownFileType = sourcecode.c.h; path = SceneDelegate.h; sourceTree = "<group>"; };
		B837BB5D24BCFD37001D0DF5 /* SceneDelegate.m */ = {isa = PBXFileReference; lastKnownFileType = sourcecode.c.objc; path = SceneDelegate.m; sourceTree = "<group>"; };
		B837BB6324BCFD37001D0DF5 /* Base */ = {isa = PBXFileReference; lastKnownFileType = file.storyboard; name = Base; path = Base.lproj/Main.storyboard; sourceTree = "<group>"; };
		B837BB6524BCFD37001D0DF5 /* Assets.xcassets */ = {isa = PBXFileReference; lastKnownFileType = folder.assetcatalog; path = Assets.xcassets; sourceTree = "<group>"; };
		B837BB6824BCFD38001D0DF5 /* Base */ = {isa = PBXFileReference; lastKnownFileType = file.storyboard; name = Base; path = Base.lproj/LaunchScreen.storyboard; sourceTree = "<group>"; };
		B837BB6A24BCFD38001D0DF5 /* Info.plist */ = {isa = PBXFileReference; lastKnownFileType = text.plist.xml; path = Info.plist; sourceTree = "<group>"; };
		B837BB6B24BCFD38001D0DF5 /* main.m */ = {isa = PBXFileReference; lastKnownFileType = sourcecode.c.objc; path = main.m; sourceTree = "<group>"; };
		B837BB7124BCFD38001D0DF5 /* Event TimesTests.xctest */ = {isa = PBXFileReference; explicitFileType = wrapper.cfbundle; includeInIndex = 0; path = "Event TimesTests.xctest"; sourceTree = BUILT_PRODUCTS_DIR; };
		B837BB7524BCFD38001D0DF5 /* Event_TimesTests.m */ = {isa = PBXFileReference; lastKnownFileType = sourcecode.c.objc; path = Event_TimesTests.m; sourceTree = "<group>"; };
		B837BB7724BCFD38001D0DF5 /* Info.plist */ = {isa = PBXFileReference; lastKnownFileType = text.plist.xml; path = Info.plist; sourceTree = "<group>"; };
		B837BB7C24BCFD38001D0DF5 /* Event TimesUITests.xctest */ = {isa = PBXFileReference; explicitFileType = wrapper.cfbundle; includeInIndex = 0; path = "Event TimesUITests.xctest"; sourceTree = BUILT_PRODUCTS_DIR; };
		B837BB8024BCFD38001D0DF5 /* Event_TimesUITests.m */ = {isa = PBXFileReference; lastKnownFileType = sourcecode.c.objc; path = Event_TimesUITests.m; sourceTree = "<group>"; };
		B837BB8224BCFD38001D0DF5 /* Info.plist */ = {isa = PBXFileReference; lastKnownFileType = text.plist.xml; path = Info.plist; sourceTree = "<group>"; };
		B8894D4A24C6480D00D71A92 /* DatePickerCell.h */ = {isa = PBXFileReference; lastKnownFileType = sourcecode.c.h; path = DatePickerCell.h; sourceTree = "<group>"; };
		B8894D4B24C6480D00D71A92 /* DatePickerCell.m */ = {isa = PBXFileReference; lastKnownFileType = sourcecode.c.objc; path = DatePickerCell.m; sourceTree = "<group>"; };
		B8894D4D24C6483800D71A92 /* DateCell.h */ = {isa = PBXFileReference; lastKnownFileType = sourcecode.c.h; path = DateCell.h; sourceTree = "<group>"; };
		B8894D4E24C6483800D71A92 /* DateCell.m */ = {isa = PBXFileReference; lastKnownFileType = sourcecode.c.objc; path = DateCell.m; sourceTree = "<group>"; };
		B8894D5024C6484900D71A92 /* LocationCell.h */ = {isa = PBXFileReference; lastKnownFileType = sourcecode.c.h; path = LocationCell.h; sourceTree = "<group>"; };
		B8894D5124C6484900D71A92 /* LocationCell.m */ = {isa = PBXFileReference; lastKnownFileType = sourcecode.c.objc; path = LocationCell.m; sourceTree = "<group>"; };
		B8894D5324C6487D00D71A92 /* TextInputCell.h */ = {isa = PBXFileReference; lastKnownFileType = sourcecode.c.h; path = TextInputCell.h; sourceTree = "<group>"; };
		B8894D5424C6487D00D71A92 /* TextInputCell.m */ = {isa = PBXFileReference; lastKnownFileType = sourcecode.c.objc; path = TextInputCell.m; sourceTree = "<group>"; };
		B8894D5924C7A44E00D71A92 /* DetailsCell.h */ = {isa = PBXFileReference; lastKnownFileType = sourcecode.c.h; path = DetailsCell.h; sourceTree = "<group>"; };
		B8894D5A24C7A44E00D71A92 /* DetailsCell.m */ = {isa = PBXFileReference; lastKnownFileType = sourcecode.c.objc; path = DetailsCell.m; sourceTree = "<group>"; };
		B8894D6224C8E74A00D71A92 /* DetailData.h */ = {isa = PBXFileReference; lastKnownFileType = sourcecode.c.h; path = DetailData.h; sourceTree = "<group>"; };
		B8894D6324C8E74A00D71A92 /* DetailData.m */ = {isa = PBXFileReference; lastKnownFileType = sourcecode.c.objc; path = DetailData.m; sourceTree = "<group>"; };
		B8BA283E24CA2D48009C11DF /* ActivityCell.h */ = {isa = PBXFileReference; lastKnownFileType = sourcecode.c.h; path = ActivityCell.h; sourceTree = "<group>"; };
		B8BA283F24CA2D48009C11DF /* ActivityCell.m */ = {isa = PBXFileReference; lastKnownFileType = sourcecode.c.objc; path = ActivityCell.m; sourceTree = "<group>"; };
		B8BA284124CB338E009C11DF /* ActivityCreationViewController.h */ = {isa = PBXFileReference; lastKnownFileType = sourcecode.c.h; path = ActivityCreationViewController.h; sourceTree = "<group>"; };
		B8BA284224CB338E009C11DF /* ActivityCreationViewController.m */ = {isa = PBXFileReference; lastKnownFileType = sourcecode.c.objc; path = ActivityCreationViewController.m; sourceTree = "<group>"; };
		B8BA284424D0B54D009C11DF /* EventDetailsViewController.h */ = {isa = PBXFileReference; lastKnownFileType = sourcecode.c.h; path = EventDetailsViewController.h; sourceTree = "<group>"; };
		B8BA284524D0B54D009C11DF /* EventDetailsViewController.m */ = {isa = PBXFileReference; lastKnownFileType = sourcecode.c.objc; path = EventDetailsViewController.m; sourceTree = "<group>"; };
		B8DC641F24C9F11600DC7D62 /* TagsViewController.h */ = {isa = PBXFileReference; lastKnownFileType = sourcecode.c.h; path = TagsViewController.h; sourceTree = "<group>"; };
		B8DC642024C9F11600DC7D62 /* TagsViewController.m */ = {isa = PBXFileReference; lastKnownFileType = sourcecode.c.objc; path = TagsViewController.m; sourceTree = "<group>"; };
		CEB692B76F3B18631B660E96 /* Pods-Event Times-Event TimesUITests.release.xcconfig */ = {isa = PBXFileReference; includeInIndex = 1; lastKnownFileType = text.xcconfig; name = "Pods-Event Times-Event TimesUITests.release.xcconfig"; path = "Target Support Files/Pods-Event Times-Event TimesUITests/Pods-Event Times-Event TimesUITests.release.xcconfig"; sourceTree = "<group>"; };
		DB36BEA98F20A582F8BA9EDB /* Pods_Event_Times_Event_TimesUITests.framework */ = {isa = PBXFileReference; explicitFileType = wrapper.framework; includeInIndex = 0; path = Pods_Event_Times_Event_TimesUITests.framework; sourceTree = BUILT_PRODUCTS_DIR; };
		EE593D864B9F7D4DEB08E791 /* Pods_Event_TimesTests.framework */ = {isa = PBXFileReference; explicitFileType = wrapper.framework; includeInIndex = 0; path = Pods_Event_TimesTests.framework; sourceTree = BUILT_PRODUCTS_DIR; };
		F97EEF0F7B4F3D8D1BE06F61 /* Pods-Event Times.release.xcconfig */ = {isa = PBXFileReference; includeInIndex = 1; lastKnownFileType = text.xcconfig; name = "Pods-Event Times.release.xcconfig"; path = "Target Support Files/Pods-Event Times/Pods-Event Times.release.xcconfig"; sourceTree = "<group>"; };
/* End PBXFileReference section */

/* Begin PBXFrameworksBuildPhase section */
		B837BB5324BCFD37001D0DF5 /* Frameworks */ = {
			isa = PBXFrameworksBuildPhase;
			buildActionMask = 2147483647;
			files = (
				8C4B756B07386432A405B139 /* Pods_Event_Times.framework in Frameworks */,
			);
			runOnlyForDeploymentPostprocessing = 0;
		};
		B837BB6E24BCFD38001D0DF5 /* Frameworks */ = {
			isa = PBXFrameworksBuildPhase;
			buildActionMask = 2147483647;
			files = (
				A9253C1F682A651085698FAD /* Pods_Event_TimesTests.framework in Frameworks */,
			);
			runOnlyForDeploymentPostprocessing = 0;
		};
		B837BB7924BCFD38001D0DF5 /* Frameworks */ = {
			isa = PBXFrameworksBuildPhase;
			buildActionMask = 2147483647;
			files = (
				60DA6B1E83A1FA8DA04D9200 /* Pods_Event_Times_Event_TimesUITests.framework in Frameworks */,
			);
			runOnlyForDeploymentPostprocessing = 0;
		};
/* End PBXFrameworksBuildPhase section */

/* Begin PBXGroup section */
		017647AAAE6604036887A917 /* Pods */ = {
			isa = PBXGroup;
			children = (
				55B3F7394B2AA39CE26D83FB /* Pods-Event Times.debug.xcconfig */,
				F97EEF0F7B4F3D8D1BE06F61 /* Pods-Event Times.release.xcconfig */,
				011547DB8013534682BE963E /* Pods-Event Times-Event TimesUITests.debug.xcconfig */,
				CEB692B76F3B18631B660E96 /* Pods-Event Times-Event TimesUITests.release.xcconfig */,
				390C29C39F99588851915A47 /* Pods-Event TimesTests.debug.xcconfig */,
				902168717EB0FAE06B4C9928 /* Pods-Event TimesTests.release.xcconfig */,
			);
			path = Pods;
			sourceTree = "<group>";
		};
		832A0BA13D3E9EE1B019EF25 /* Frameworks */ = {
			isa = PBXGroup;
			children = (
				0C279DD2ABA12915C2FD22BD /* Pods_Event_Times.framework */,
				DB36BEA98F20A582F8BA9EDB /* Pods_Event_Times_Event_TimesUITests.framework */,
				EE593D864B9F7D4DEB08E791 /* Pods_Event_TimesTests.framework */,
			);
			name = Frameworks;
			sourceTree = "<group>";
		};
		B81752D124BE71BC00952196 /* Models */ = {
			isa = PBXGroup;
			children = (
				B81752D224BE71D700952196 /* Placemark.h */,
				B81752D324BE71D700952196 /* Placemark.m */,
				B81752D524BE721300952196 /* Activity.h */,
				B81752D624BE721300952196 /* Activity.m */,
				B81752D824BE724E00952196 /* Event.h */,
				B81752D924BE724E00952196 /* Event.m */,
				B8894D6224C8E74A00D71A92 /* DetailData.h */,
				B8894D6324C8E74A00D71A92 /* DetailData.m */,
			);
			path = Models;
			sourceTree = "<group>";
		};
		B81752DB24BF532500952196 /* View Controllers */ = {
			isa = PBXGroup;
			children = (
				B81752DC24BF535800952196 /* LoginViewController.h */,
				B81752DD24BF535800952196 /* LoginViewController.m */,
				B81752DF24BF538600952196 /* SignUpViewController.h */,
				B81752E024BF538600952196 /* SignUpViewController.m */,
				B81752E224BF547700952196 /* EventsViewController.h */,
				B81752E324BF547700952196 /* EventsViewController.m */,
				B81752F124BF55AD00952196 /* CalendarViewController.h */,
				B81752F224BF55AD00952196 /* CalendarViewController.m */,
				B81752F424BF55C800952196 /* ProfileViewController.h */,
				B81752F524BF55C800952196 /* ProfileViewController.m */,
				B81752FD24C1110900952196 /* EventCreationViewController.h */,
				B81752FE24C1110900952196 /* EventCreationViewController.m */,
				B817530024C1FD6C00952196 /* LocationSearchViewController.h */,
				B817530124C1FD6C00952196 /* LocationSearchViewController.m */,
				B8DC641F24C9F11600DC7D62 /* TagsViewController.h */,
				B8DC642024C9F11600DC7D62 /* TagsViewController.m */,
				B8BA284124CB338E009C11DF /* ActivityCreationViewController.h */,
				B8BA284224CB338E009C11DF /* ActivityCreationViewController.m */,
				B8BA284424D0B54D009C11DF /* EventDetailsViewController.h */,
				B8BA284524D0B54D009C11DF /* EventDetailsViewController.m */,
			);
			path = "View Controllers";
			sourceTree = "<group>";
		};
		B837BB4D24BCFD37001D0DF5 = {
			isa = PBXGroup;
			children = (
				B837BB5824BCFD37001D0DF5 /* Event Times */,
				B837BB7424BCFD38001D0DF5 /* Event TimesTests */,
				B837BB7F24BCFD38001D0DF5 /* Event TimesUITests */,
				B837BB5724BCFD37001D0DF5 /* Products */,
				017647AAAE6604036887A917 /* Pods */,
				832A0BA13D3E9EE1B019EF25 /* Frameworks */,
			);
			sourceTree = "<group>";
		};
		B837BB5724BCFD37001D0DF5 /* Products */ = {
			isa = PBXGroup;
			children = (
				B837BB5624BCFD37001D0DF5 /* Event Times.app */,
				B837BB7124BCFD38001D0DF5 /* Event TimesTests.xctest */,
				B837BB7C24BCFD38001D0DF5 /* Event TimesUITests.xctest */,
			);
			name = Products;
			sourceTree = "<group>";
		};
		B837BB5824BCFD37001D0DF5 /* Event Times */ = {
			isa = PBXGroup;
			children = (
				B8894D4924C647CD00D71A92 /* Views */,
				B81752DB24BF532500952196 /* View Controllers */,
				B81752D124BE71BC00952196 /* Models */,
				B837BB5924BCFD37001D0DF5 /* AppDelegate.h */,
				B837BB5A24BCFD37001D0DF5 /* AppDelegate.m */,
				B837BB5C24BCFD37001D0DF5 /* SceneDelegate.h */,
				B837BB5D24BCFD37001D0DF5 /* SceneDelegate.m */,
				B837BB6224BCFD37001D0DF5 /* Main.storyboard */,
				B837BB6524BCFD37001D0DF5 /* Assets.xcassets */,
				B837BB6724BCFD38001D0DF5 /* LaunchScreen.storyboard */,
				B837BB6A24BCFD38001D0DF5 /* Info.plist */,
				B837BB6B24BCFD38001D0DF5 /* main.m */,
			);
			path = "Event Times";
			sourceTree = "<group>";
		};
		B837BB7424BCFD38001D0DF5 /* Event TimesTests */ = {
			isa = PBXGroup;
			children = (
				B837BB7524BCFD38001D0DF5 /* Event_TimesTests.m */,
				B837BB7724BCFD38001D0DF5 /* Info.plist */,
			);
			path = "Event TimesTests";
			sourceTree = "<group>";
		};
		B837BB7F24BCFD38001D0DF5 /* Event TimesUITests */ = {
			isa = PBXGroup;
			children = (
				B837BB8024BCFD38001D0DF5 /* Event_TimesUITests.m */,
				B837BB8224BCFD38001D0DF5 /* Info.plist */,
			);
			path = "Event TimesUITests";
			sourceTree = "<group>";
		};
		B8894D4924C647CD00D71A92 /* Views */ = {
			isa = PBXGroup;
			children = (
				B8894D4A24C6480D00D71A92 /* DatePickerCell.h */,
				B8894D4B24C6480D00D71A92 /* DatePickerCell.m */,
				B8894D4D24C6483800D71A92 /* DateCell.h */,
				B8894D4E24C6483800D71A92 /* DateCell.m */,
				B8894D5024C6484900D71A92 /* LocationCell.h */,
				B8894D5124C6484900D71A92 /* LocationCell.m */,
				B8894D5324C6487D00D71A92 /* TextInputCell.h */,
				B8894D5424C6487D00D71A92 /* TextInputCell.m */,
				B8894D5924C7A44E00D71A92 /* DetailsCell.h */,
				B8894D5A24C7A44E00D71A92 /* DetailsCell.m */,
				B8BA283E24CA2D48009C11DF /* ActivityCell.h */,
				B8BA283F24CA2D48009C11DF /* ActivityCell.m */,
			);
			path = Views;
			sourceTree = "<group>";
		};
/* End PBXGroup section */

/* Begin PBXNativeTarget section */
		B837BB5524BCFD37001D0DF5 /* Event Times */ = {
			isa = PBXNativeTarget;
			buildConfigurationList = B837BB8524BCFD38001D0DF5 /* Build configuration list for PBXNativeTarget "Event Times" */;
			buildPhases = (
				1510B3A1AFFF332AA81786CA /* [CP] Check Pods Manifest.lock */,
				B837BB5224BCFD37001D0DF5 /* Sources */,
				B837BB5324BCFD37001D0DF5 /* Frameworks */,
				B837BB5424BCFD37001D0DF5 /* Resources */,
				37F2E6B3C251DBFC55741289 /* [CP] Embed Pods Frameworks */,
			);
			buildRules = (
			);
			dependencies = (
			);
			name = "Event Times";
			productName = "Event Times";
			productReference = B837BB5624BCFD37001D0DF5 /* Event Times.app */;
			productType = "com.apple.product-type.application";
		};
		B837BB7024BCFD38001D0DF5 /* Event TimesTests */ = {
			isa = PBXNativeTarget;
			buildConfigurationList = B837BB8824BCFD38001D0DF5 /* Build configuration list for PBXNativeTarget "Event TimesTests" */;
			buildPhases = (
				5443B2CE45B4C1D7DE756E98 /* [CP] Check Pods Manifest.lock */,
				B837BB6D24BCFD38001D0DF5 /* Sources */,
				B837BB6E24BCFD38001D0DF5 /* Frameworks */,
				B837BB6F24BCFD38001D0DF5 /* Resources */,
			);
			buildRules = (
			);
			dependencies = (
				B837BB7324BCFD38001D0DF5 /* PBXTargetDependency */,
			);
			name = "Event TimesTests";
			productName = "Event TimesTests";
			productReference = B837BB7124BCFD38001D0DF5 /* Event TimesTests.xctest */;
			productType = "com.apple.product-type.bundle.unit-test";
		};
		B837BB7B24BCFD38001D0DF5 /* Event TimesUITests */ = {
			isa = PBXNativeTarget;
			buildConfigurationList = B837BB8B24BCFD38001D0DF5 /* Build configuration list for PBXNativeTarget "Event TimesUITests" */;
			buildPhases = (
				4C26C38DDAD661B3993E2CFF /* [CP] Check Pods Manifest.lock */,
				B837BB7824BCFD38001D0DF5 /* Sources */,
				B837BB7924BCFD38001D0DF5 /* Frameworks */,
				B837BB7A24BCFD38001D0DF5 /* Resources */,
				B458199F106530A1AA0D9B5E /* [CP] Embed Pods Frameworks */,
			);
			buildRules = (
			);
			dependencies = (
				B837BB7E24BCFD38001D0DF5 /* PBXTargetDependency */,
			);
			name = "Event TimesUITests";
			productName = "Event TimesUITests";
			productReference = B837BB7C24BCFD38001D0DF5 /* Event TimesUITests.xctest */;
			productType = "com.apple.product-type.bundle.ui-testing";
		};
/* End PBXNativeTarget section */

/* Begin PBXProject section */
		B837BB4E24BCFD37001D0DF5 /* Project object */ = {
			isa = PBXProject;
			attributes = {
				LastUpgradeCheck = 1150;
				ORGANIZATIONNAME = "David Lara";
				TargetAttributes = {
					B837BB5524BCFD37001D0DF5 = {
						CreatedOnToolsVersion = 11.5;
					};
					B837BB7024BCFD38001D0DF5 = {
						CreatedOnToolsVersion = 11.5;
						TestTargetID = B837BB5524BCFD37001D0DF5;
					};
					B837BB7B24BCFD38001D0DF5 = {
						CreatedOnToolsVersion = 11.5;
						TestTargetID = B837BB5524BCFD37001D0DF5;
					};
				};
			};
			buildConfigurationList = B837BB5124BCFD37001D0DF5 /* Build configuration list for PBXProject "Event Times" */;
			compatibilityVersion = "Xcode 9.3";
			developmentRegion = en;
			hasScannedForEncodings = 0;
			knownRegions = (
				en,
				Base,
			);
			mainGroup = B837BB4D24BCFD37001D0DF5;
			productRefGroup = B837BB5724BCFD37001D0DF5 /* Products */;
			projectDirPath = "";
			projectRoot = "";
			targets = (
				B837BB5524BCFD37001D0DF5 /* Event Times */,
				B837BB7024BCFD38001D0DF5 /* Event TimesTests */,
				B837BB7B24BCFD38001D0DF5 /* Event TimesUITests */,
			);
		};
/* End PBXProject section */

/* Begin PBXResourcesBuildPhase section */
		B837BB5424BCFD37001D0DF5 /* Resources */ = {
			isa = PBXResourcesBuildPhase;
			buildActionMask = 2147483647;
			files = (
				B837BB6924BCFD38001D0DF5 /* LaunchScreen.storyboard in Resources */,
				B837BB6624BCFD37001D0DF5 /* Assets.xcassets in Resources */,
				B837BB6424BCFD37001D0DF5 /* Main.storyboard in Resources */,
			);
			runOnlyForDeploymentPostprocessing = 0;
		};
		B837BB6F24BCFD38001D0DF5 /* Resources */ = {
			isa = PBXResourcesBuildPhase;
			buildActionMask = 2147483647;
			files = (
			);
			runOnlyForDeploymentPostprocessing = 0;
		};
		B837BB7A24BCFD38001D0DF5 /* Resources */ = {
			isa = PBXResourcesBuildPhase;
			buildActionMask = 2147483647;
			files = (
			);
			runOnlyForDeploymentPostprocessing = 0;
		};
/* End PBXResourcesBuildPhase section */

/* Begin PBXShellScriptBuildPhase section */
		1510B3A1AFFF332AA81786CA /* [CP] Check Pods Manifest.lock */ = {
			isa = PBXShellScriptBuildPhase;
			buildActionMask = 2147483647;
			files = (
			);
			inputFileListPaths = (
			);
			inputPaths = (
				"${PODS_PODFILE_DIR_PATH}/Podfile.lock",
				"${PODS_ROOT}/Manifest.lock",
			);
			name = "[CP] Check Pods Manifest.lock";
			outputFileListPaths = (
			);
			outputPaths = (
				"$(DERIVED_FILE_DIR)/Pods-Event Times-checkManifestLockResult.txt",
			);
			runOnlyForDeploymentPostprocessing = 0;
			shellPath = /bin/sh;
			shellScript = "diff \"${PODS_PODFILE_DIR_PATH}/Podfile.lock\" \"${PODS_ROOT}/Manifest.lock\" > /dev/null\nif [ $? != 0 ] ; then\n    # print error to STDERR\n    echo \"error: The sandbox is not in sync with the Podfile.lock. Run 'pod install' or update your CocoaPods installation.\" >&2\n    exit 1\nfi\n# This output is used by Xcode 'outputs' to avoid re-running this script phase.\necho \"SUCCESS\" > \"${SCRIPT_OUTPUT_FILE_0}\"\n";
			showEnvVarsInLog = 0;
		};
		37F2E6B3C251DBFC55741289 /* [CP] Embed Pods Frameworks */ = {
			isa = PBXShellScriptBuildPhase;
			buildActionMask = 2147483647;
			files = (
			);
			inputFileListPaths = (
				"${PODS_ROOT}/Target Support Files/Pods-Event Times/Pods-Event Times-frameworks-${CONFIGURATION}-input-files.xcfilelist",
			);
			name = "[CP] Embed Pods Frameworks";
			outputFileListPaths = (
				"${PODS_ROOT}/Target Support Files/Pods-Event Times/Pods-Event Times-frameworks-${CONFIGURATION}-output-files.xcfilelist",
			);
			runOnlyForDeploymentPostprocessing = 0;
			shellPath = /bin/sh;
			shellScript = "\"${PODS_ROOT}/Target Support Files/Pods-Event Times/Pods-Event Times-frameworks.sh\"\n";
			showEnvVarsInLog = 0;
		};
		4C26C38DDAD661B3993E2CFF /* [CP] Check Pods Manifest.lock */ = {
			isa = PBXShellScriptBuildPhase;
			buildActionMask = 2147483647;
			files = (
			);
			inputFileListPaths = (
			);
			inputPaths = (
				"${PODS_PODFILE_DIR_PATH}/Podfile.lock",
				"${PODS_ROOT}/Manifest.lock",
			);
			name = "[CP] Check Pods Manifest.lock";
			outputFileListPaths = (
			);
			outputPaths = (
				"$(DERIVED_FILE_DIR)/Pods-Event Times-Event TimesUITests-checkManifestLockResult.txt",
			);
			runOnlyForDeploymentPostprocessing = 0;
			shellPath = /bin/sh;
			shellScript = "diff \"${PODS_PODFILE_DIR_PATH}/Podfile.lock\" \"${PODS_ROOT}/Manifest.lock\" > /dev/null\nif [ $? != 0 ] ; then\n    # print error to STDERR\n    echo \"error: The sandbox is not in sync with the Podfile.lock. Run 'pod install' or update your CocoaPods installation.\" >&2\n    exit 1\nfi\n# This output is used by Xcode 'outputs' to avoid re-running this script phase.\necho \"SUCCESS\" > \"${SCRIPT_OUTPUT_FILE_0}\"\n";
			showEnvVarsInLog = 0;
		};
		5443B2CE45B4C1D7DE756E98 /* [CP] Check Pods Manifest.lock */ = {
			isa = PBXShellScriptBuildPhase;
			buildActionMask = 2147483647;
			files = (
			);
			inputFileListPaths = (
			);
			inputPaths = (
				"${PODS_PODFILE_DIR_PATH}/Podfile.lock",
				"${PODS_ROOT}/Manifest.lock",
			);
			name = "[CP] Check Pods Manifest.lock";
			outputFileListPaths = (
			);
			outputPaths = (
				"$(DERIVED_FILE_DIR)/Pods-Event TimesTests-checkManifestLockResult.txt",
			);
			runOnlyForDeploymentPostprocessing = 0;
			shellPath = /bin/sh;
			shellScript = "diff \"${PODS_PODFILE_DIR_PATH}/Podfile.lock\" \"${PODS_ROOT}/Manifest.lock\" > /dev/null\nif [ $? != 0 ] ; then\n    # print error to STDERR\n    echo \"error: The sandbox is not in sync with the Podfile.lock. Run 'pod install' or update your CocoaPods installation.\" >&2\n    exit 1\nfi\n# This output is used by Xcode 'outputs' to avoid re-running this script phase.\necho \"SUCCESS\" > \"${SCRIPT_OUTPUT_FILE_0}\"\n";
			showEnvVarsInLog = 0;
		};
		B458199F106530A1AA0D9B5E /* [CP] Embed Pods Frameworks */ = {
			isa = PBXShellScriptBuildPhase;
			buildActionMask = 2147483647;
			files = (
			);
			inputFileListPaths = (
				"${PODS_ROOT}/Target Support Files/Pods-Event Times-Event TimesUITests/Pods-Event Times-Event TimesUITests-frameworks-${CONFIGURATION}-input-files.xcfilelist",
			);
			name = "[CP] Embed Pods Frameworks";
			outputFileListPaths = (
				"${PODS_ROOT}/Target Support Files/Pods-Event Times-Event TimesUITests/Pods-Event Times-Event TimesUITests-frameworks-${CONFIGURATION}-output-files.xcfilelist",
			);
			runOnlyForDeploymentPostprocessing = 0;
			shellPath = /bin/sh;
			shellScript = "\"${PODS_ROOT}/Target Support Files/Pods-Event Times-Event TimesUITests/Pods-Event Times-Event TimesUITests-frameworks.sh\"\n";
			showEnvVarsInLog = 0;
		};
/* End PBXShellScriptBuildPhase section */

/* Begin PBXSourcesBuildPhase section */
		B837BB5224BCFD37001D0DF5 /* Sources */ = {
			isa = PBXSourcesBuildPhase;
			buildActionMask = 2147483647;
			files = (
				B837BB5B24BCFD37001D0DF5 /* AppDelegate.m in Sources */,
				B8DC642124C9F11600DC7D62 /* TagsViewController.m in Sources */,
				B817530224C1FD6C00952196 /* LocationSearchViewController.m in Sources */,
				B8894D5224C6484900D71A92 /* LocationCell.m in Sources */,
				B81752D424BE71D700952196 /* Placemark.m in Sources */,
				B8BA284024CA2D48009C11DF /* ActivityCell.m in Sources */,
				B8BA284324CB338E009C11DF /* ActivityCreationViewController.m in Sources */,
				B837BB6C24BCFD38001D0DF5 /* main.m in Sources */,
				B81752F624BF55C800952196 /* ProfileViewController.m in Sources */,
				B81752D724BE721300952196 /* Activity.m in Sources */,
				B8894D4F24C6483800D71A92 /* DateCell.m in Sources */,
				B8BA284624D0B54D009C11DF /* EventDetailsViewController.m in Sources */,
				B81752DE24BF535800952196 /* LoginViewController.m in Sources */,
				B8894D6424C8E74A00D71A92 /* DetailData.m in Sources */,
				B8894D4C24C6480D00D71A92 /* DatePickerCell.m in Sources */,
				B81752FF24C1110900952196 /* EventCreationViewController.m in Sources */,
				B81752F324BF55AD00952196 /* CalendarViewController.m in Sources */,
				B837BB5E24BCFD37001D0DF5 /* SceneDelegate.m in Sources */,
				B81752E124BF538600952196 /* SignUpViewController.m in Sources */,
				B8894D5524C6487D00D71A92 /* TextInputCell.m in Sources */,
				B81752E424BF547700952196 /* EventsViewController.m in Sources */,
				B8894D5B24C7A44E00D71A92 /* DetailsCell.m in Sources */,
				B81752DA24BE724E00952196 /* Event.m in Sources */,
			);
			runOnlyForDeploymentPostprocessing = 0;
		};
		B837BB6D24BCFD38001D0DF5 /* Sources */ = {
			isa = PBXSourcesBuildPhase;
			buildActionMask = 2147483647;
			files = (
				B837BB7624BCFD38001D0DF5 /* Event_TimesTests.m in Sources */,
			);
			runOnlyForDeploymentPostprocessing = 0;
		};
		B837BB7824BCFD38001D0DF5 /* Sources */ = {
			isa = PBXSourcesBuildPhase;
			buildActionMask = 2147483647;
			files = (
				B837BB8124BCFD38001D0DF5 /* Event_TimesUITests.m in Sources */,
			);
			runOnlyForDeploymentPostprocessing = 0;
		};
/* End PBXSourcesBuildPhase section */

/* Begin PBXTargetDependency section */
		B837BB7324BCFD38001D0DF5 /* PBXTargetDependency */ = {
			isa = PBXTargetDependency;
			target = B837BB5524BCFD37001D0DF5 /* Event Times */;
			targetProxy = B837BB7224BCFD38001D0DF5 /* PBXContainerItemProxy */;
		};
		B837BB7E24BCFD38001D0DF5 /* PBXTargetDependency */ = {
			isa = PBXTargetDependency;
			target = B837BB5524BCFD37001D0DF5 /* Event Times */;
			targetProxy = B837BB7D24BCFD38001D0DF5 /* PBXContainerItemProxy */;
		};
/* End PBXTargetDependency section */

/* Begin PBXVariantGroup section */
		B837BB6224BCFD37001D0DF5 /* Main.storyboard */ = {
			isa = PBXVariantGroup;
			children = (
				B837BB6324BCFD37001D0DF5 /* Base */,
			);
			name = Main.storyboard;
			sourceTree = "<group>";
		};
		B837BB6724BCFD38001D0DF5 /* LaunchScreen.storyboard */ = {
			isa = PBXVariantGroup;
			children = (
				B837BB6824BCFD38001D0DF5 /* Base */,
			);
			name = LaunchScreen.storyboard;
			sourceTree = "<group>";
		};
/* End PBXVariantGroup section */

/* Begin XCBuildConfiguration section */
		B837BB8324BCFD38001D0DF5 /* Debug */ = {
			isa = XCBuildConfiguration;
			buildSettings = {
				ALWAYS_SEARCH_USER_PATHS = NO;
				CLANG_ANALYZER_NONNULL = YES;
				CLANG_ANALYZER_NUMBER_OBJECT_CONVERSION = YES_AGGRESSIVE;
				CLANG_CXX_LANGUAGE_STANDARD = "gnu++14";
				CLANG_CXX_LIBRARY = "libc++";
				CLANG_ENABLE_MODULES = YES;
				CLANG_ENABLE_OBJC_ARC = YES;
				CLANG_ENABLE_OBJC_WEAK = YES;
				CLANG_WARN_BLOCK_CAPTURE_AUTORELEASING = YES;
				CLANG_WARN_BOOL_CONVERSION = YES;
				CLANG_WARN_COMMA = YES;
				CLANG_WARN_CONSTANT_CONVERSION = YES;
				CLANG_WARN_DEPRECATED_OBJC_IMPLEMENTATIONS = YES;
				CLANG_WARN_DIRECT_OBJC_ISA_USAGE = YES_ERROR;
				CLANG_WARN_DOCUMENTATION_COMMENTS = YES;
				CLANG_WARN_EMPTY_BODY = YES;
				CLANG_WARN_ENUM_CONVERSION = YES;
				CLANG_WARN_INFINITE_RECURSION = YES;
				CLANG_WARN_INT_CONVERSION = YES;
				CLANG_WARN_NON_LITERAL_NULL_CONVERSION = YES;
				CLANG_WARN_OBJC_IMPLICIT_RETAIN_SELF = YES;
				CLANG_WARN_OBJC_LITERAL_CONVERSION = YES;
				CLANG_WARN_OBJC_ROOT_CLASS = YES_ERROR;
				CLANG_WARN_RANGE_LOOP_ANALYSIS = YES;
				CLANG_WARN_STRICT_PROTOTYPES = YES;
				CLANG_WARN_SUSPICIOUS_MOVE = YES;
				CLANG_WARN_UNGUARDED_AVAILABILITY = YES_AGGRESSIVE;
				CLANG_WARN_UNREACHABLE_CODE = YES;
				CLANG_WARN__DUPLICATE_METHOD_MATCH = YES;
				COPY_PHASE_STRIP = NO;
				DEBUG_INFORMATION_FORMAT = dwarf;
				ENABLE_STRICT_OBJC_MSGSEND = YES;
				ENABLE_TESTABILITY = YES;
				GCC_C_LANGUAGE_STANDARD = gnu11;
				GCC_DYNAMIC_NO_PIC = NO;
				GCC_NO_COMMON_BLOCKS = YES;
				GCC_OPTIMIZATION_LEVEL = 0;
				GCC_PREPROCESSOR_DEFINITIONS = (
					"DEBUG=1",
					"$(inherited)",
				);
				GCC_WARN_64_TO_32_BIT_CONVERSION = YES;
				GCC_WARN_ABOUT_RETURN_TYPE = YES_ERROR;
				GCC_WARN_UNDECLARED_SELECTOR = YES;
				GCC_WARN_UNINITIALIZED_AUTOS = YES_AGGRESSIVE;
				GCC_WARN_UNUSED_FUNCTION = YES;
				GCC_WARN_UNUSED_VARIABLE = YES;
				IPHONEOS_DEPLOYMENT_TARGET = 13.5;
				MTL_ENABLE_DEBUG_INFO = INCLUDE_SOURCE;
				MTL_FAST_MATH = YES;
				ONLY_ACTIVE_ARCH = YES;
				SDKROOT = iphoneos;
			};
			name = Debug;
		};
		B837BB8424BCFD38001D0DF5 /* Release */ = {
			isa = XCBuildConfiguration;
			buildSettings = {
				ALWAYS_SEARCH_USER_PATHS = NO;
				CLANG_ANALYZER_NONNULL = YES;
				CLANG_ANALYZER_NUMBER_OBJECT_CONVERSION = YES_AGGRESSIVE;
				CLANG_CXX_LANGUAGE_STANDARD = "gnu++14";
				CLANG_CXX_LIBRARY = "libc++";
				CLANG_ENABLE_MODULES = YES;
				CLANG_ENABLE_OBJC_ARC = YES;
				CLANG_ENABLE_OBJC_WEAK = YES;
				CLANG_WARN_BLOCK_CAPTURE_AUTORELEASING = YES;
				CLANG_WARN_BOOL_CONVERSION = YES;
				CLANG_WARN_COMMA = YES;
				CLANG_WARN_CONSTANT_CONVERSION = YES;
				CLANG_WARN_DEPRECATED_OBJC_IMPLEMENTATIONS = YES;
				CLANG_WARN_DIRECT_OBJC_ISA_USAGE = YES_ERROR;
				CLANG_WARN_DOCUMENTATION_COMMENTS = YES;
				CLANG_WARN_EMPTY_BODY = YES;
				CLANG_WARN_ENUM_CONVERSION = YES;
				CLANG_WARN_INFINITE_RECURSION = YES;
				CLANG_WARN_INT_CONVERSION = YES;
				CLANG_WARN_NON_LITERAL_NULL_CONVERSION = YES;
				CLANG_WARN_OBJC_IMPLICIT_RETAIN_SELF = YES;
				CLANG_WARN_OBJC_LITERAL_CONVERSION = YES;
				CLANG_WARN_OBJC_ROOT_CLASS = YES_ERROR;
				CLANG_WARN_RANGE_LOOP_ANALYSIS = YES;
				CLANG_WARN_STRICT_PROTOTYPES = YES;
				CLANG_WARN_SUSPICIOUS_MOVE = YES;
				CLANG_WARN_UNGUARDED_AVAILABILITY = YES_AGGRESSIVE;
				CLANG_WARN_UNREACHABLE_CODE = YES;
				CLANG_WARN__DUPLICATE_METHOD_MATCH = YES;
				COPY_PHASE_STRIP = NO;
				DEBUG_INFORMATION_FORMAT = "dwarf-with-dsym";
				ENABLE_NS_ASSERTIONS = NO;
				ENABLE_STRICT_OBJC_MSGSEND = YES;
				GCC_C_LANGUAGE_STANDARD = gnu11;
				GCC_NO_COMMON_BLOCKS = YES;
				GCC_WARN_64_TO_32_BIT_CONVERSION = YES;
				GCC_WARN_ABOUT_RETURN_TYPE = YES_ERROR;
				GCC_WARN_UNDECLARED_SELECTOR = YES;
				GCC_WARN_UNINITIALIZED_AUTOS = YES_AGGRESSIVE;
				GCC_WARN_UNUSED_FUNCTION = YES;
				GCC_WARN_UNUSED_VARIABLE = YES;
				IPHONEOS_DEPLOYMENT_TARGET = 13.5;
				MTL_ENABLE_DEBUG_INFO = NO;
				MTL_FAST_MATH = YES;
				SDKROOT = iphoneos;
				VALIDATE_PRODUCT = YES;
			};
			name = Release;
		};
		B837BB8624BCFD38001D0DF5 /* Debug */ = {
			isa = XCBuildConfiguration;
			baseConfigurationReference = 55B3F7394B2AA39CE26D83FB /* Pods-Event Times.debug.xcconfig */;
			buildSettings = {
				ASSETCATALOG_COMPILER_APPICON_NAME = AppIcon;
				CODE_SIGN_STYLE = Automatic;
				DEVELOPMENT_TEAM = 7853679G24;
				INFOPLIST_FILE = "Event Times/Info.plist";
				LD_RUNPATH_SEARCH_PATHS = (
					"$(inherited)",
					"@executable_path/Frameworks",
				);
				PRODUCT_BUNDLE_IDENTIFIER = "com.davol00.Event-Times";
				PRODUCT_NAME = "$(TARGET_NAME)";
				TARGETED_DEVICE_FAMILY = "1,2";
			};
			name = Debug;
		};
		B837BB8724BCFD38001D0DF5 /* Release */ = {
			isa = XCBuildConfiguration;
			baseConfigurationReference = F97EEF0F7B4F3D8D1BE06F61 /* Pods-Event Times.release.xcconfig */;
			buildSettings = {
				ASSETCATALOG_COMPILER_APPICON_NAME = AppIcon;
				CODE_SIGN_STYLE = Automatic;
				DEVELOPMENT_TEAM = 7853679G24;
				INFOPLIST_FILE = "Event Times/Info.plist";
				LD_RUNPATH_SEARCH_PATHS = (
					"$(inherited)",
					"@executable_path/Frameworks",
				);
				PRODUCT_BUNDLE_IDENTIFIER = "com.davol00.Event-Times";
				PRODUCT_NAME = "$(TARGET_NAME)";
				TARGETED_DEVICE_FAMILY = "1,2";
			};
			name = Release;
		};
		B837BB8924BCFD38001D0DF5 /* Debug */ = {
			isa = XCBuildConfiguration;
			baseConfigurationReference = 390C29C39F99588851915A47 /* Pods-Event TimesTests.debug.xcconfig */;
			buildSettings = {
				BUNDLE_LOADER = "$(TEST_HOST)";
				CODE_SIGN_STYLE = Automatic;
				DEVELOPMENT_TEAM = 7853679G24;
				INFOPLIST_FILE = "Event TimesTests/Info.plist";
				IPHONEOS_DEPLOYMENT_TARGET = 13.5;
				LD_RUNPATH_SEARCH_PATHS = (
					"$(inherited)",
					"@executable_path/Frameworks",
					"@loader_path/Frameworks",
				);
				PRODUCT_BUNDLE_IDENTIFIER = "com.davol00.Event-TimesTests";
				PRODUCT_NAME = "$(TARGET_NAME)";
				TARGETED_DEVICE_FAMILY = "1,2";
				TEST_HOST = "$(BUILT_PRODUCTS_DIR)/Event Times.app/Event Times";
			};
			name = Debug;
		};
		B837BB8A24BCFD38001D0DF5 /* Release */ = {
			isa = XCBuildConfiguration;
			baseConfigurationReference = 902168717EB0FAE06B4C9928 /* Pods-Event TimesTests.release.xcconfig */;
			buildSettings = {
				BUNDLE_LOADER = "$(TEST_HOST)";
				CODE_SIGN_STYLE = Automatic;
				DEVELOPMENT_TEAM = 7853679G24;
				INFOPLIST_FILE = "Event TimesTests/Info.plist";
				IPHONEOS_DEPLOYMENT_TARGET = 13.5;
				LD_RUNPATH_SEARCH_PATHS = (
					"$(inherited)",
					"@executable_path/Frameworks",
					"@loader_path/Frameworks",
				);
				PRODUCT_BUNDLE_IDENTIFIER = "com.davol00.Event-TimesTests";
				PRODUCT_NAME = "$(TARGET_NAME)";
				TARGETED_DEVICE_FAMILY = "1,2";
				TEST_HOST = "$(BUILT_PRODUCTS_DIR)/Event Times.app/Event Times";
			};
			name = Release;
		};
		B837BB8C24BCFD38001D0DF5 /* Debug */ = {
			isa = XCBuildConfiguration;
			baseConfigurationReference = 011547DB8013534682BE963E /* Pods-Event Times-Event TimesUITests.debug.xcconfig */;
			buildSettings = {
				CODE_SIGN_STYLE = Automatic;
				DEVELOPMENT_TEAM = 7853679G24;
				INFOPLIST_FILE = "Event TimesUITests/Info.plist";
				LD_RUNPATH_SEARCH_PATHS = (
					"$(inherited)",
					"@executable_path/Frameworks",
					"@loader_path/Frameworks",
				);
				PRODUCT_BUNDLE_IDENTIFIER = "com.davol00.Event-TimesUITests";
				PRODUCT_NAME = "$(TARGET_NAME)";
				TARGETED_DEVICE_FAMILY = "1,2";
				TEST_TARGET_NAME = "Event Times";
			};
			name = Debug;
		};
		B837BB8D24BCFD38001D0DF5 /* Release */ = {
			isa = XCBuildConfiguration;
			baseConfigurationReference = CEB692B76F3B18631B660E96 /* Pods-Event Times-Event TimesUITests.release.xcconfig */;
			buildSettings = {
				CODE_SIGN_STYLE = Automatic;
				DEVELOPMENT_TEAM = 7853679G24;
				INFOPLIST_FILE = "Event TimesUITests/Info.plist";
				LD_RUNPATH_SEARCH_PATHS = (
					"$(inherited)",
					"@executable_path/Frameworks",
					"@loader_path/Frameworks",
				);
				PRODUCT_BUNDLE_IDENTIFIER = "com.davol00.Event-TimesUITests";
				PRODUCT_NAME = "$(TARGET_NAME)";
				TARGETED_DEVICE_FAMILY = "1,2";
				TEST_TARGET_NAME = "Event Times";
			};
			name = Release;
		};
/* End XCBuildConfiguration section */

/* Begin XCConfigurationList section */
		B837BB5124BCFD37001D0DF5 /* Build configuration list for PBXProject "Event Times" */ = {
			isa = XCConfigurationList;
			buildConfigurations = (
				B837BB8324BCFD38001D0DF5 /* Debug */,
				B837BB8424BCFD38001D0DF5 /* Release */,
			);
			defaultConfigurationIsVisible = 0;
			defaultConfigurationName = Release;
		};
		B837BB8524BCFD38001D0DF5 /* Build configuration list for PBXNativeTarget "Event Times" */ = {
			isa = XCConfigurationList;
			buildConfigurations = (
				B837BB8624BCFD38001D0DF5 /* Debug */,
				B837BB8724BCFD38001D0DF5 /* Release */,
			);
			defaultConfigurationIsVisible = 0;
			defaultConfigurationName = Release;
		};
		B837BB8824BCFD38001D0DF5 /* Build configuration list for PBXNativeTarget "Event TimesTests" */ = {
			isa = XCConfigurationList;
			buildConfigurations = (
				B837BB8924BCFD38001D0DF5 /* Debug */,
				B837BB8A24BCFD38001D0DF5 /* Release */,
			);
			defaultConfigurationIsVisible = 0;
			defaultConfigurationName = Release;
		};
		B837BB8B24BCFD38001D0DF5 /* Build configuration list for PBXNativeTarget "Event TimesUITests" */ = {
			isa = XCConfigurationList;
			buildConfigurations = (
				B837BB8C24BCFD38001D0DF5 /* Debug */,
				B837BB8D24BCFD38001D0DF5 /* Release */,
			);
			defaultConfigurationIsVisible = 0;
			defaultConfigurationName = Release;
		};
/* End XCConfigurationList section */
	};
	rootObject = B837BB4E24BCFD37001D0DF5 /* Project object */;
}
